// !$*UTF8*$!
{
	archiveVersion = 1;
	classes = {
	};
	objectVersion = 46;
	objects = {

/* Begin PBXBuildFile section */
		401EDDF41C5281FB004296F8 /* AppDelegate.swift in Sources */ = {isa = PBXBuildFile; fileRef = 401EDDF31C5281FB004296F8 /* AppDelegate.swift */; };
		401EDDF61C5281FB004296F8 /* ViewController.swift in Sources */ = {isa = PBXBuildFile; fileRef = 401EDDF51C5281FB004296F8 /* ViewController.swift */; };
		401EDDF91C5281FB004296F8 /* Main.storyboard in Resources */ = {isa = PBXBuildFile; fileRef = 401EDDF71C5281FB004296F8 /* Main.storyboard */; };
		401EDDFB1C5281FC004296F8 /* Assets.xcassets in Resources */ = {isa = PBXBuildFile; fileRef = 401EDDFA1C5281FC004296F8 /* Assets.xcassets */; };
		401EDDFE1C5281FC004296F8 /* LaunchScreen.storyboard in Resources */ = {isa = PBXBuildFile; fileRef = 401EDDFC1C5281FC004296F8 /* LaunchScreen.storyboard */; };
/* End PBXBuildFile section */

/* Begin PBXFileReference section */
		401EDDF01C5281FB004296F8 /* ParseSwift2XCode7.2.app */ = {isa = PBXFileReference; explicitFileType = wrapper.application; includeInIndex = 0; path = ParseSwift2XCode7.2.app; sourceTree = BUILT_PRODUCTS_DIR; };
		401EDDF31C5281FB004296F8 /* AppDelegate.swift */ = {isa = PBXFileReference; lastKnownFileType = sourcecode.swift; path = AppDelegate.swift; sourceTree = "<group>"; };
		401EDDF51C5281FB004296F8 /* ViewController.swift */ = {isa = PBXFileReference; lastKnownFileType = sourcecode.swift; path = ViewController.swift; sourceTree = "<group>"; };
		401EDDF81C5281FB004296F8 /* Base */ = {isa = PBXFileReference; lastKnownFileType = file.storyboard; name = Base; path = Base.lproj/Main.storyboard; sourceTree = "<group>"; };
		401EDDFA1C5281FC004296F8 /* Assets.xcassets */ = {isa = PBXFileReference; lastKnownFileType = folder.assetcatalog; path = Assets.xcassets; sourceTree = "<group>"; };
		401EDDFD1C5281FC004296F8 /* Base */ = {isa = PBXFileReference; lastKnownFileType = file.storyboard; name = Base; path = Base.lproj/LaunchScreen.storyboard; sourceTree = "<group>"; };
		401EDDFF1C5281FC004296F8 /* Info.plist */ = {isa = PBXFileReference; lastKnownFileType = text.plist.xml; path = Info.plist; sourceTree = "<group>"; };
/* End PBXFileReference section */

/* Begin PBXFrameworksBuildPhase section */
		401EDDED1C5281FB004296F8 /* Frameworks */ = {
			isa = PBXFrameworksBuildPhase;
			buildActionMask = 2147483647;
			files = (
			);
			runOnlyForDeploymentPostprocessing = 0;
		};
/* End PBXFrameworksBuildPhase section */

/* Begin PBXGroup section */
		401EDDE71C5281FB004296F8 = {
			isa = PBXGroup;
			children = (
				401EDDF21C5281FB004296F8 /* ParseSwift2XCode7.2 */,
				401EDDF11C5281FB004296F8 /* Products */,
			);
			sourceTree = "<group>";
		};
		401EDDF11C5281FB004296F8 /* Products */ = {
			isa = PBXGroup;
			children = (
				401EDDF01C5281FB004296F8 /* ParseSwift2XCode7.2.app */,
			);
			name = Products;
			sourceTree = "<group>";
		};
		401EDDF21C5281FB004296F8 /* ParseSwift2XCode7.2 */ = {
			isa = PBXGroup;
			children = (
				401EDDF31C5281FB004296F8 /* AppDelegate.swift */,
				401EDDF51C5281FB004296F8 /* ViewController.swift */,
				401EDDF71C5281FB004296F8 /* Main.storyboard */,
				401EDDFA1C5281FC004296F8 /* Assets.xcassets */,
				401EDDFC1C5281FC004296F8 /* LaunchScreen.storyboard */,
				401EDDFF1C5281FC004296F8 /* Info.plist */,
			);
			path = ParseSwift2XCode7.2;
			sourceTree = "<group>";
		};
/* End PBXGroup section */

/* Begin PBXNativeTarget section */
		401EDDEF1C5281FB004296F8 /* ParseSwift2XCode7.2 */ = {
			isa = PBXNativeTarget;
			buildConfigurationList = 401EDE021C5281FC004296F8 /* Build configuration list for PBXNativeTarget "ParseSwift2XCode7.2" */;
			buildPhases = (
				401EDDEC1C5281FB004296F8 /* Sources */,
				401EDDED1C5281FB004296F8 /* Frameworks */,
				401EDDEE1C5281FB004296F8 /* Resources */,
			);
			buildRules = (
			);
			dependencies = (
			);
			name = ParseSwift2XCode7.2;
			productName = ParseSwift2XCode7.2;
			productReference = 401EDDF01C5281FB004296F8 /* ParseSwift2XCode7.2.app */;
			productType = "com.apple.product-type.application";
		};
/* End PBXNativeTarget section */

/* Begin PBXProject section */
		401EDDE81C5281FB004296F8 /* Project object */ = {
			isa = PBXProject;
			attributes = {
				LastSwiftUpdateCheck = 0720;
				LastUpgradeCheck = 0720;
				ORGANIZATIONNAME = goldhandsapp4u;
				TargetAttributes = {
					401EDDEF1C5281FB004296F8 = {
						CreatedOnToolsVersion = 7.2;
					};
				};
			};
			buildConfigurationList = 401EDDEB1C5281FB004296F8 /* Build configuration list for PBXProject "ParseSwift2XCode7.2" */;
			compatibilityVersion = "Xcode 3.2";
			developmentRegion = English;
			hasScannedForEncodings = 0;
			knownRegions = (
				en,
				Base,
			);
			mainGroup = 401EDDE71C5281FB004296F8;
			productRefGroup = 401EDDF11C5281FB004296F8 /* Products */;
			projectDirPath = "";
			projectRoot = "";
			targets = (
				401EDDEF1C5281FB004296F8 /* ParseSwift2XCode7.2 */,
			);
		};
/* End PBXProject section */

/* Begin PBXResourcesBuildPhase section */
		401EDDEE1C5281FB004296F8 /* Resources */ = {
			isa = PBXResourcesBuildPhase;
			buildActionMask = 2147483647;
			files = (
				401EDDFE1C5281FC004296F8 /* LaunchScreen.storyboard in Resources */,
				401EDDFB1C5281FC004296F8 /* Assets.xcassets in Resources */,
				401EDDF91C5281FB004296F8 /* Main.storyboard in Resources */,
			);
			runOnlyForDeploymentPostprocessing = 0;
		};
/* End PBXResourcesBuildPhase section */

/* Begin PBXSourcesBuildPhase section */
		401EDDEC1C5281FB004296F8 /* Sources */ = {
			isa = PBXSourcesBuildPhase;
			buildActionMask = 2147483647;
			files = (
				401EDDF61C5281FB004296F8 /* ViewController.swift in Sources */,
				401EDDF41C5281FB004296F8 /* AppDelegate.swift in Sources */,
			);
			runOnlyForDeploymentPostprocessing = 0;
		};
/* End PBXSourcesBuildPhase section */

/* Begin PBXVariantGroup section */
		401EDDF71C5281FB004296F8 /* Main.storyboard */ = {
			isa = PBXVariantGroup;
			children = (
				401EDDF81C5281FB004296F8 /* Base */,
			);
			name = Main.storyboard;
			sourceTree = "<group>";
		};
		401EDDFC1C5281FC004296F8 /* LaunchScreen.storyboard */ = {
			isa = PBXVariantGroup;
			children = (
				401EDDFD1C5281FC004296F8 /* Base */,
			);
			name = LaunchScreen.storyboard;
			sourceTree = "<group>";
		};
/* End PBXVariantGroup section */

/* Begin XCBuildConfiguration section */
		401EDE001C5281FC004296F8 /* Debug */ = {
			isa = XCBuildConfiguration;
			buildSettings = {
				ALWAYS_SEARCH_USER_PATHS = NO;
				CLANG_CXX_LANGUAGE_STANDARD = "gnu++0x";
				CLANG_CXX_LIBRARY = "libc++";
				CLANG_ENABLE_MODULES = YES;
				CLANG_ENABLE_OBJC_ARC = YES;
				CLANG_WARN_BOOL_CONVERSION = YES;
				CLANG_WARN_CONSTANT_CONVERSION = YES;
				CLANG_WARN_DIRECT_OBJC_ISA_USAGE = YES_ERROR;
				CLANG_WARN_EMPTY_BODY = YES;
				CLANG_WARN_ENUM_CONVERSION = YES;
				CLANG_WARN_INT_CONVERSION = YES;
				CLANG_WARN_OBJC_ROOT_CLASS = YES_ERROR;
				CLANG_WARN_UNREACHABLE_CODE = YES;
				CLANG_WARN__DUPLICATE_METHOD_MATCH = YES;
				"CODE_SIGN_IDENTITY[sdk=iphoneos*]" = "iPhone Developer";
				COPY_PHASE_STRIP = NO;
				DEBUG_INFORMATION_FORMAT = dwarf;
				ENABLE_STRICT_OBJC_MSGSEND = YES;
				ENABLE_TESTABILITY = YES;
				GCC_C_LANGUAGE_STANDARD = gnu99;
				GCC_DYNAMIC_NO_PIC = NO;
				GCC_NO_COMMON_BLOCKS = YES;
				GCC_OPTIMIZATION_LEVEL = 0;
				GCC_PREPROCESSOR_DEFINITIONS = (
					"DEBUG=1",
					"$(inherited)",
				);
				GCC_WARN_64_TO_32_BIT_CONVERSION = YES;
				GCC_WARN_ABOUT_RETURN_TYPE = YES_ERROR;
				GCC_WARN_UNDECLARED_SELECTOR = YES;
				GCC_WARN_UNINITIALIZED_AUTOS = YES_AGGRESSIVE;
				GCC_WARN_UNUSED_FUNCTION = YES;
				GCC_WARN_UNUSED_VARIABLE = YES;
				IPHONEOS_DEPLOYMENT_TARGET = 9.2;
				MTL_ENABLE_DEBUG_INFO = YES;
				ONLY_ACTIVE_ARCH = YES;
				SDKROOT = iphoneos;
				SWIFT_OPTIMIZATION_LEVEL = "-Onone";
				TARGETED_DEVICE_FAMILY = "1,2";
			};
			name = Debug;
		};
		401EDE011C5281FC004296F8 /* Release */ = {
			isa = XCBuildConfiguration;
			buildSettings = {
				ALWAYS_SEARCH_USER_PATHS = NO;
				CLANG_CXX_LANGUAGE_STANDARD = "gnu++0x";
				CLANG_CXX_LIBRARY = "libc++";
				CLANG_ENABLE_MODULES = YES;
				CLANG_ENABLE_OBJC_ARC = YES;
				CLANG_WARN_BOOL_CONVERSION = YES;
				CLANG_WARN_CONSTANT_CONVERSION = YES;
				CLANG_WARN_DIRECT_OBJC_ISA_USAGE = YES_ERROR;
				CLANG_WARN_EMPTY_BODY = YES;
				CLANG_WARN_ENUM_CONVERSION = YES;
				CLANG_WARN_INT_CONVERSION = YES;
				CLANG_WARN_OBJC_ROOT_CLASS = YES_ERROR;
				CLANG_WARN_UNREACHABLE_CODE = YES;
				CLANG_WARN__DUPLICATE_METHOD_MATCH = YES;
				"CODE_SIGN_IDENTITY[sdk=iphoneos*]" = "iPhone Developer";
				COPY_PHASE_STRIP = NO;
				DEBUG_INFORMATION_FORMAT = "dwarf-with-dsym";
				ENABLE_NS_ASSERTIONS = NO;
				ENABLE_STRICT_OBJC_MSGSEND = YES;
				GCC_C_LANGUAGE_STANDARD = gnu99;
				GCC_NO_COMMON_BLOCKS = YES;
				GCC_WARN_64_TO_32_BIT_CONVERSION = YES;
				GCC_WARN_ABOUT_RETURN_TYPE = YES_ERROR;
				GCC_WARN_UNDECLARED_SELECTOR = YES;
				GCC_WARN_UNINITIALIZED_AUTOS = YES_AGGRESSIVE;
				GCC_WARN_UNUSED_FUNCTION = YES;
				GCC_WARN_UNUSED_VARIABLE = YES;
				IPHONEOS_DEPLOYMENT_TARGET = 9.2;
				MTL_ENABLE_DEBUG_INFO = NO;
				SDKROOT = iphoneos;
				TARGETED_DEVICE_FAMILY = "1,2";
				VALIDATE_PRODUCT = YES;
			};
			name = Release;
		};
		401EDE031C5281FC004296F8 /* Debug */ = {
			isa = XCBuildConfiguration;
			buildSettings = {
				ASSETCATALOG_COMPILER_APPICON_NAME = AppIcon;
				INFOPLIST_FILE = ParseSwift2XCode7.2/Info.plist;
				LD_RUNPATH_SEARCH_PATHS = "$(inherited) @executable_path/Frameworks";
				PRODUCT_BUNDLE_IDENTIFIER = "br.com.goldhandsapp4u.ParseSwift2XCode7-2";
				PRODUCT_NAME = "$(TARGET_NAME)";
			};
			name = Debug;
		};
		401EDE041C5281FC004296F8 /* Release */ = {
			isa = XCBuildConfiguration;
			buildSettings = {
				ASSETCATALOG_COMPILER_APPICON_NAME = AppIcon;
				INFOPLIST_FILE = ParseSwift2XCode7.2/Info.plist;
				LD_RUNPATH_SEARCH_PATHS = "$(inherited) @executable_path/Frameworks";
				PRODUCT_BUNDLE_IDENTIFIER = "br.com.goldhandsapp4u.ParseSwift2XCode7-2";
				PRODUCT_NAME = "$(TARGET_NAME)";
			};
			name = Release;
		};
/* End XCBuildConfiguration section */

/* Begin XCConfigurationList section */
		401EDDEB1C5281FB004296F8 /* Build configuration list for PBXProject "ParseSwift2XCode7.2" */ = {
			isa = XCConfigurationList;
			buildConfigurations = (
				401EDE001C5281FC004296F8 /* Debug */,
				401EDE011C5281FC004296F8 /* Release */,
			);
			defaultConfigurationIsVisible = 0;
			defaultConfigurationName = Release;
		};
		401EDE021C5281FC004296F8 /* Build configuration list for PBXNativeTarget "ParseSwift2XCode7.2" */ = {
			isa = XCConfigurationList;
			buildConfigurations = (
				401EDE031C5281FC004296F8 /* Debug */,
				401EDE041C5281FC004296F8 /* Release */,
			);
			defaultConfigurationIsVisible = 0;
		};
/* End XCConfigurationList section */
	};
	rootObject = 401EDDE81C5281FB004296F8 /* Project object */;
}
